
Microsoft Visual Studio Solution File, Format Version 12.00
# Visual Studio 15
VisualStudioVersion = 15.0.28307.168
MinimumVisualStudioVersion = 10.0.40219.1
Project("{9A19103F-16F7-4668-BE54-9A1E7A4F7556}") = "Cardcraft.Microservice.Payment", "Cardcraft.Microservice.Payment\Cardcraft.Microservice.Payment.csproj", "{DA3D1F34-4B01-4617-8525-235AF7F2035F}"
EndProject
Global
	GlobalSection(SolutionConfigurationPlatforms) = preSolution
		Debug|Any CPU = Debug|Any CPU
		Release|Any CPU = Release|Any CPU
	EndGlobalSection
	GlobalSection(ProjectConfigurationPlatforms) = postSolution
		{DA3D1F34-4B01-4617-8525-235AF7F2035F}.Debug|Any CPU.ActiveCfg = Debug|Any CPU
		{DA3D1F34-4B01-4617-8525-235AF7F2035F}.Debug|Any CPU.Build.0 = Debug|Any CPU
		{DA3D1F34-4B01-4617-8525-235AF7F2035F}.Release|Any CPU.ActiveCfg = Release|Any CPU
		{DA3D1F34-4B01-4617-8525-235AF7F2035F}.Release|Any CPU.Build.0 = Release|Any CPU
	EndGlobalSection
	GlobalSection(SolutionProperties) = preSolution
		HideSolutionNode = FALSE
	EndGlobalSection
	GlobalSection(ExtensibilityGlobals) = postSolution
		SolutionGuid = {7C70FDE6-DC17-47D1-9D4D-3464ECA50D51}
	EndGlobalSection
EndGlobal
